
Microsoft Visual Studio Solution File, Format Version 12.00
# Visual Studio Version 17
VisualStudioVersion = 17.10.35013.160
MinimumVisualStudioVersion = 10.0.40219.1
Project("{F2A71F9B-5D33-465A-A702-920D77279786}") = "Eletronica", "Eletronica\Eletronica.fsproj", "{A9C752FA-1121-474D-AE1F-8DEF3EFADF0A}"
EndProject
Global
	GlobalSection(SolutionConfigurationPlatforms) = preSolution
		Debug|Any CPU = Debug|Any CPU
		Release|Any CPU = Release|Any CPU
	EndGlobalSection
	GlobalSection(ProjectConfigurationPlatforms) = postSolution
		{A9C752FA-1121-474D-AE1F-8DEF3EFADF0A}.Debug|Any CPU.ActiveCfg = Debug|Any CPU
		{A9C752FA-1121-474D-AE1F-8DEF3EFADF0A}.Debug|Any CPU.Build.0 = Debug|Any CPU
		{A9C752FA-1121-474D-AE1F-8DEF3EFADF0A}.Release|Any CPU.ActiveCfg = Release|Any CPU
		{A9C752FA-1121-474D-AE1F-8DEF3EFADF0A}.Release|Any CPU.Build.0 = Release|Any CPU
	EndGlobalSection
	GlobalSection(SolutionProperties) = preSolution
		HideSolutionNode = FALSE
	EndGlobalSection
	GlobalSection(ExtensibilityGlobals) = postSolution
		SolutionGuid = {25036867-6871-4752-8683-04E9CE6AE862}
	EndGlobalSection
EndGlobal
